
Microsoft Visual Studio Solution File, Format Version 12.00
# Visual Studio Version 16
VisualStudioVersion = 16.0.29609.76
MinimumVisualStudioVersion = 10.0.40219.1
Project("{9A19103F-16F7-4668-BE54-9A1E7A4F7556}") = "ASPNERCore31_JWT", "ASPNERCore31_JWT.csproj", "{E4764F21-0659-4892-BA69-61F28E626643}"
EndProject
Global
	GlobalSection(SolutionConfigurationPlatforms) = preSolution
		Debug|Any CPU = Debug|Any CPU
		Release|Any CPU = Release|Any CPU
	EndGlobalSection
	GlobalSection(ProjectConfigurationPlatforms) = postSolution
		{E4764F21-0659-4892-BA69-61F28E626643}.Debug|Any CPU.ActiveCfg = Debug|Any CPU
		{E4764F21-0659-4892-BA69-61F28E626643}.Debug|Any CPU.Build.0 = Debug|Any CPU
		{E4764F21-0659-4892-BA69-61F28E626643}.Release|Any CPU.ActiveCfg = Release|Any CPU
		{E4764F21-0659-4892-BA69-61F28E626643}.Release|Any CPU.Build.0 = Release|Any CPU
	EndGlobalSection
	GlobalSection(SolutionProperties) = preSolution
		HideSolutionNode = FALSE
	EndGlobalSection
	GlobalSection(ExtensibilityGlobals) = postSolution
		SolutionGuid = {2641290B-F10B-4E17-8670-638FF23BA7F1}
	EndGlobalSection
EndGlobal
